
Microsoft Visual Studio Solution File, Format Version 12.00
# Visual Studio Version 17
VisualStudioVersion = 17.6.33815.320
MinimumVisualStudioVersion = 10.0.40219.1
Project("{888888A0-9F3D-457C-B088-3A5042F75D52}") = "website", "website.pyproj", "{E211FB75-75AE-4E36-A6BE-B6C1C3E29C4E}"
EndProject
Global
	GlobalSection(SolutionConfigurationPlatforms) = preSolution
		Debug|Any CPU = Debug|Any CPU
		Release|Any CPU = Release|Any CPU
	EndGlobalSection
	GlobalSection(ProjectConfigurationPlatforms) = postSolution
		{E211FB75-75AE-4E36-A6BE-B6C1C3E29C4E}.Debug|Any CPU.ActiveCfg = Debug|Any CPU
		{E211FB75-75AE-4E36-A6BE-B6C1C3E29C4E}.Debug|Any CPU.Build.0 = Debug|Any CPU
		{E211FB75-75AE-4E36-A6BE-B6C1C3E29C4E}.Release|Any CPU.ActiveCfg = Release|Any CPU
		{E211FB75-75AE-4E36-A6BE-B6C1C3E29C4E}.Release|Any CPU.Build.0 = Release|Any CPU
	EndGlobalSection
	GlobalSection(SolutionProperties) = preSolution
		HideSolutionNode = FALSE
	EndGlobalSection
	GlobalSection(ExtensibilityGlobals) = postSolution
		SolutionGuid = {C7E4B685-86DC-4BC3-B6AB-9AC2A7975196}
	EndGlobalSection
EndGlobal
